# THIS IS AN AUTOGENERATED FILE. DO NOT EDIT THIS FILE DIRECTLY.
# yarn lockfile v1


typescript-fsa-reducers@^1.2.2:
  version "1.2.2"
  resolved "https://registry.yarnpkg.com/typescript-fsa-reducers/-/typescript-fsa-reducers-1.2.2.tgz#1e2c8e8a50ca3e09e0d6fdf2a3b42bdd17de8094"
  integrity sha512-IQ2VsIqUvmzVgWNDjxkeOxX97itl/rq+2u82jGsRdzCSFi9OtV4qf1Ec1urvj/eDlPHOaihIL7wMZzLYx9GvFg==

typescript-fsa@^3.0.0:
  version "3.0.0"
  resolved "https://registry.yarnpkg.com/typescript-fsa/-/typescript-fsa-3.0.0.tgz#3ad1cb915a67338e013fc21f67c9b3e0e110c912"
  integrity sha512-xiXAib35i0QHl/+wMobzPibjAH5TJLDj+qGq5jwVLG9qR4FUswZURBw2qihBm0m06tHoyb3FzpnJs1GRhRwVag==

typescript@^4.2.4:
  version "4.2.4"
  resolved "https://registry.yarnpkg.com/typescript/-/typescript-4.2.4.tgz#8610b59747de028fda898a8aef0e103f156d0961"
  integrity sha512-V+evlYHZnQkaz8TRBuxTA92yZBPotr5H+WhQ7bD3hZUndx5tGOa1fuCgeSjxAzM1RiN5IzvadIXTVefuuwZCRg==
